
Microsoft Visual Studio Solution File, Format Version 12.00
# Visual Studio Version 17
VisualStudioVersion = 17.4.33205.214
MinimumVisualStudioVersion = 10.0.40219.1
Project("{FAE04EC0-301F-11D3-BF4B-00C04F79EFBC}") = "WarioMoD", "WarioMoD\WarioMoD.csproj", "{B0EC10D4-1E7F-46D5-9841-A0CB0E8764CE}"
EndProject
Global
	GlobalSection(SolutionConfigurationPlatforms) = preSolution
		Debug|Any CPU = Debug|Any CPU
		Release|Any CPU = Release|Any CPU
	EndGlobalSection
	GlobalSection(ProjectConfigurationPlatforms) = postSolution
		{B0EC10D4-1E7F-46D5-9841-A0CB0E8764CE}.Debug|Any CPU.ActiveCfg = Debug|Any CPU
		{B0EC10D4-1E7F-46D5-9841-A0CB0E8764CE}.Debug|Any CPU.Build.0 = Debug|Any CPU
		{B0EC10D4-1E7F-46D5-9841-A0CB0E8764CE}.Release|Any CPU.ActiveCfg = Release|Any CPU
		{B0EC10D4-1E7F-46D5-9841-A0CB0E8764CE}.Release|Any CPU.Build.0 = Release|Any CPU
	EndGlobalSection
	GlobalSection(SolutionProperties) = preSolution
		HideSolutionNode = FALSE
	EndGlobalSection
	GlobalSection(ExtensibilityGlobals) = postSolution
		SolutionGuid = {E5FC889A-8D78-4B0C-84BC-DF0BAC14F283}
	EndGlobalSection
EndGlobal
